Microsoft Visual Studio Solution File, Format Version 12.00
# Visual Studio Version 17
VisualStudioVersion = 17.5.2.0
MinimumVisualStudioVersion = 10.0.40219.1
Project("{2150E333-8FDC-42A3-9474-1A3956D46DE8}") = "PersonalFinancialTracker", "PersonalFinancialTracker", "{C95DAE69-2AEE-7112-84C2-0E7F6A7DF456}"
EndProject
Project("{FAE04EC0-301F-11D3-BF4B-00C04F79EFBC}") = "Financial_Tracker_App", "PersonalFinancialTracker\Financial_Tracker_App.csproj", "{1688918C-BF97-0D86-349A-28EEE34D16B0}"
EndProject
Global
	GlobalSection(SolutionConfigurationPlatforms) = preSolution
		Debug|Any CPU = Debug|Any CPU
		Release|Any CPU = Release|Any CPU
	EndGlobalSection
	GlobalSection(ProjectConfigurationPlatforms) = postSolution
		{1688918C-BF97-0D86-349A-28EEE34D16B0}.Debug|Any CPU.ActiveCfg = Debug|Any CPU
		{1688918C-BF97-0D86-349A-28EEE34D16B0}.Debug|Any CPU.Build.0 = Debug|Any CPU
		{1688918C-BF97-0D86-349A-28EEE34D16B0}.Release|Any CPU.ActiveCfg = Release|Any CPU
		{1688918C-BF97-0D86-349A-28EEE34D16B0}.Release|Any CPU.Build.0 = Release|Any CPU
	EndGlobalSection
	GlobalSection(SolutionProperties) = preSolution
		HideSolutionNode = FALSE
	EndGlobalSection
	GlobalSection(NestedProjects) = preSolution
		{1688918C-BF97-0D86-349A-28EEE34D16B0} = {C95DAE69-2AEE-7112-84C2-0E7F6A7DF456}
	EndGlobalSection
	GlobalSection(ExtensibilityGlobals) = postSolution
		SolutionGuid = {BE7E9E2C-1101-478A-AA43-5AEDD6F64F0D}
	EndGlobalSection
EndGlobal
