Microsoft Visual Studio Solution File, Format Version 12.00
# Visual Studio Version 17
VisualStudioVersion = 17.5.2.0
MinimumVisualStudioVersion = 10.0.40219.1
Project("{FAE04EC0-301F-11D3-BF4B-00C04F79EFBC}") = "Financial_Tracker_App", "Financial_Tracker_App.csproj", "{12C3E517-A656-F1CF-1405-307EA72F3B52}"
EndProject
Global
	GlobalSection(SolutionConfigurationPlatforms) = preSolution
		Debug|Any CPU = Debug|Any CPU
		Release|Any CPU = Release|Any CPU
	EndGlobalSection
	GlobalSection(ProjectConfigurationPlatforms) = postSolution
		{12C3E517-A656-F1CF-1405-307EA72F3B52}.Debug|Any CPU.ActiveCfg = Debug|Any CPU
		{12C3E517-A656-F1CF-1405-307EA72F3B52}.Debug|Any CPU.Build.0 = Debug|Any CPU
		{12C3E517-A656-F1CF-1405-307EA72F3B52}.Release|Any CPU.ActiveCfg = Release|Any CPU
		{12C3E517-A656-F1CF-1405-307EA72F3B52}.Release|Any CPU.Build.0 = Release|Any CPU
	EndGlobalSection
	GlobalSection(SolutionProperties) = preSolution
		HideSolutionNode = FALSE
	EndGlobalSection
	GlobalSection(ExtensibilityGlobals) = postSolution
		SolutionGuid = {C4EF1BFD-7977-4EFA-816F-08412A1F5B32}
	EndGlobalSection
EndGlobal
